
Microsoft Visual Studio Solution File, Format Version 12.00
# Visual Studio Version 17
VisualStudioVersion = 17.4.33213.308
MinimumVisualStudioVersion = 10.0.40219.1
Project("{9A19103F-16F7-4668-BE54-9A1E7A4F7556}") = "1", "1\1.csproj", "{B7D2B210-093F-4B9F-A0E5-7DA5F4BBB06B}"
EndProject
Project("{9A19103F-16F7-4668-BE54-9A1E7A4F7556}") = "2", "2\2.csproj", "{BF0100B5-13BC-4695-BBF9-F8D4E06125B8}"
EndProject
Project("{9A19103F-16F7-4668-BE54-9A1E7A4F7556}") = "3", "3\3.csproj", "{BA95EB2C-26B1-442B-A526-D9F88D7ADF6D}"
EndProject
Project("{9A19103F-16F7-4668-BE54-9A1E7A4F7556}") = "4", "4\4.csproj", "{F60C44D1-5B5E-458A-959D-01773F1D2CAB}"
EndProject
Project("{9A19103F-16F7-4668-BE54-9A1E7A4F7556}") = "5", "5\5.csproj", "{35E5B380-B8AF-4283-8C78-36425F252449}"
EndProject
Project("{9A19103F-16F7-4668-BE54-9A1E7A4F7556}") = "6", "6\6.csproj", "{47A8F111-E10D-476E-9ACF-AB82BCB83F56}"
EndProject
Project("{9A19103F-16F7-4668-BE54-9A1E7A4F7556}") = "7", "7\7.csproj", "{C0D1E878-B7C0-41F5-AEF8-45A5A7CF12BF}"
EndProject
Project("{9A19103F-16F7-4668-BE54-9A1E7A4F7556}") = "8", "8\8.csproj", "{8C0BDC07-6C75-4637-B9A9-4C986E26AD30}"
EndProject
Project("{9A19103F-16F7-4668-BE54-9A1E7A4F7556}") = "9", "9\9.csproj", "{F5C2996A-2D62-4513-B41E-6852F351A01A}"
EndProject
Project("{9A19103F-16F7-4668-BE54-9A1E7A4F7556}") = "10", "10\10.csproj", "{DB996225-9E75-4360-B1C3-C6C4EE9B1A5E}"
EndProject
Project("{FAE04EC0-301F-11D3-BF4B-00C04F79EFBC}") = "11", "11\11.csproj", "{CBCB79B4-5BCA-44F2-97B4-161AF13D82E0}"
EndProject
Project("{FAE04EC0-301F-11D3-BF4B-00C04F79EFBC}") = "12", "12\12.csproj", "{3780EECB-D36E-46D1-AA72-07C23BEA1668}"
EndProject
Global
	GlobalSection(SolutionConfigurationPlatforms) = preSolution
		Debug|Any CPU = Debug|Any CPU
		Release|Any CPU = Release|Any CPU
	EndGlobalSection
	GlobalSection(ProjectConfigurationPlatforms) = postSolution
		{B7D2B210-093F-4B9F-A0E5-7DA5F4BBB06B}.Debug|Any CPU.ActiveCfg = Debug|Any CPU
		{B7D2B210-093F-4B9F-A0E5-7DA5F4BBB06B}.Debug|Any CPU.Build.0 = Debug|Any CPU
		{B7D2B210-093F-4B9F-A0E5-7DA5F4BBB06B}.Release|Any CPU.ActiveCfg = Release|Any CPU
		{B7D2B210-093F-4B9F-A0E5-7DA5F4BBB06B}.Release|Any CPU.Build.0 = Release|Any CPU
		{BF0100B5-13BC-4695-BBF9-F8D4E06125B8}.Debug|Any CPU.ActiveCfg = Debug|Any CPU
		{BF0100B5-13BC-4695-BBF9-F8D4E06125B8}.Debug|Any CPU.Build.0 = Debug|Any CPU
		{BF0100B5-13BC-4695-BBF9-F8D4E06125B8}.Release|Any CPU.ActiveCfg = Release|Any CPU
		{BF0100B5-13BC-4695-BBF9-F8D4E06125B8}.Release|Any CPU.Build.0 = Release|Any CPU
		{BA95EB2C-26B1-442B-A526-D9F88D7ADF6D}.Debug|Any CPU.ActiveCfg = Debug|Any CPU
		{BA95EB2C-26B1-442B-A526-D9F88D7ADF6D}.Debug|Any CPU.Build.0 = Debug|Any CPU
		{BA95EB2C-26B1-442B-A526-D9F88D7ADF6D}.Release|Any CPU.ActiveCfg = Release|Any CPU
		{BA95EB2C-26B1-442B-A526-D9F88D7ADF6D}.Release|Any CPU.Build.0 = Release|Any CPU
		{F60C44D1-5B5E-458A-959D-01773F1D2CAB}.Debug|Any CPU.ActiveCfg = Debug|Any CPU
		{F60C44D1-5B5E-458A-959D-01773F1D2CAB}.Debug|Any CPU.Build.0 = Debug|Any CPU
		{F60C44D1-5B5E-458A-959D-01773F1D2CAB}.Release|Any CPU.ActiveCfg = Release|Any CPU
		{F60C44D1-5B5E-458A-959D-01773F1D2CAB}.Release|Any CPU.Build.0 = Release|Any CPU
		{35E5B380-B8AF-4283-8C78-36425F252449}.Debug|Any CPU.ActiveCfg = Debug|Any CPU
		{35E5B380-B8AF-4283-8C78-36425F252449}.Debug|Any CPU.Build.0 = Debug|Any CPU
		{35E5B380-B8AF-4283-8C78-36425F252449}.Release|Any CPU.ActiveCfg = Release|Any CPU
		{35E5B380-B8AF-4283-8C78-36425F252449}.Release|Any CPU.Build.0 = Release|Any CPU
		{47A8F111-E10D-476E-9ACF-AB82BCB83F56}.Debug|Any CPU.ActiveCfg = Debug|Any CPU
		{47A8F111-E10D-476E-9ACF-AB82BCB83F56}.Debug|Any CPU.Build.0 = Debug|Any CPU
		{47A8F111-E10D-476E-9ACF-AB82BCB83F56}.Release|Any CPU.ActiveCfg = Release|Any CPU
		{47A8F111-E10D-476E-9ACF-AB82BCB83F56}.Release|Any CPU.Build.0 = Release|Any CPU
		{C0D1E878-B7C0-41F5-AEF8-45A5A7CF12BF}.Debug|Any CPU.ActiveCfg = Debug|Any CPU
		{C0D1E878-B7C0-41F5-AEF8-45A5A7CF12BF}.Debug|Any CPU.Build.0 = Debug|Any CPU
		{C0D1E878-B7C0-41F5-AEF8-45A5A7CF12BF}.Release|Any CPU.ActiveCfg = Release|Any CPU
		{C0D1E878-B7C0-41F5-AEF8-45A5A7CF12BF}.Release|Any CPU.Build.0 = Release|Any CPU
		{8C0BDC07-6C75-4637-B9A9-4C986E26AD30}.Debug|Any CPU.ActiveCfg = Debug|Any CPU
		{8C0BDC07-6C75-4637-B9A9-4C986E26AD30}.Debug|Any CPU.Build.0 = Debug|Any CPU
		{8C0BDC07-6C75-4637-B9A9-4C986E26AD30}.Release|Any CPU.ActiveCfg = Release|Any CPU
		{8C0BDC07-6C75-4637-B9A9-4C986E26AD30}.Release|Any CPU.Build.0 = Release|Any CPU
		{F5C2996A-2D62-4513-B41E-6852F351A01A}.Debug|Any CPU.ActiveCfg = Debug|Any CPU
		{F5C2996A-2D62-4513-B41E-6852F351A01A}.Debug|Any CPU.Build.0 = Debug|Any CPU
		{F5C2996A-2D62-4513-B41E-6852F351A01A}.Release|Any CPU.ActiveCfg = Release|Any CPU
		{F5C2996A-2D62-4513-B41E-6852F351A01A}.Release|Any CPU.Build.0 = Release|Any CPU
		{DB996225-9E75-4360-B1C3-C6C4EE9B1A5E}.Debug|Any CPU.ActiveCfg = Debug|Any CPU
		{DB996225-9E75-4360-B1C3-C6C4EE9B1A5E}.Debug|Any CPU.Build.0 = Debug|Any CPU
		{DB996225-9E75-4360-B1C3-C6C4EE9B1A5E}.Release|Any CPU.ActiveCfg = Release|Any CPU
		{DB996225-9E75-4360-B1C3-C6C4EE9B1A5E}.Release|Any CPU.Build.0 = Release|Any CPU
		{CBCB79B4-5BCA-44F2-97B4-161AF13D82E0}.Debug|Any CPU.ActiveCfg = Debug|Any CPU
		{CBCB79B4-5BCA-44F2-97B4-161AF13D82E0}.Debug|Any CPU.Build.0 = Debug|Any CPU
		{CBCB79B4-5BCA-44F2-97B4-161AF13D82E0}.Release|Any CPU.ActiveCfg = Release|Any CPU
		{CBCB79B4-5BCA-44F2-97B4-161AF13D82E0}.Release|Any CPU.Build.0 = Release|Any CPU
		{3780EECB-D36E-46D1-AA72-07C23BEA1668}.Debug|Any CPU.ActiveCfg = Debug|Any CPU
		{3780EECB-D36E-46D1-AA72-07C23BEA1668}.Debug|Any CPU.Build.0 = Debug|Any CPU
		{3780EECB-D36E-46D1-AA72-07C23BEA1668}.Release|Any CPU.ActiveCfg = Release|Any CPU
		{3780EECB-D36E-46D1-AA72-07C23BEA1668}.Release|Any CPU.Build.0 = Release|Any CPU
	EndGlobalSection
	GlobalSection(SolutionProperties) = preSolution
		HideSolutionNode = FALSE
	EndGlobalSection
	GlobalSection(ExtensibilityGlobals) = postSolution
		SolutionGuid = {B53C0125-8621-47A0-ADBC-84BE84B4AEC1}
	EndGlobalSection
EndGlobal
